
Microsoft Visual Studio Solution File, Format Version 12.00
# Visual Studio 15
VisualStudioVersion = 15.0.28307.1972
MinimumVisualStudioVersion = 10.0.40219.1
Project("{FAE04EC0-301F-11D3-BF4B-00C04F79EFBC}") = "WindowsFormsApp1", "WindowsFormsApp1\WindowsFormsApp1.csproj", "{7431EF71-3BD3-4BF4-AB48-29E34D8A39B1}"
EndProject
Project("{FAE04EC0-301F-11D3-BF4B-00C04F79EFBC}") = "UnitTestProject1", "UnitTestProject1\UnitTestProject1.csproj", "{805FE30E-4B3B-42D8-B39F-22C15B87E04C}"
EndProject
Global
	GlobalSection(SolutionConfigurationPlatforms) = preSolution
		Debug|Any CPU = Debug|Any CPU
		Release|Any CPU = Release|Any CPU
	EndGlobalSection
	GlobalSection(ProjectConfigurationPlatforms) = postSolution
		{7431EF71-3BD3-4BF4-AB48-29E34D8A39B1}.Debug|Any CPU.ActiveCfg = Debug|Any CPU
		{7431EF71-3BD3-4BF4-AB48-29E34D8A39B1}.Debug|Any CPU.Build.0 = Debug|Any CPU
		{7431EF71-3BD3-4BF4-AB48-29E34D8A39B1}.Release|Any CPU.ActiveCfg = Release|Any CPU
		{7431EF71-3BD3-4BF4-AB48-29E34D8A39B1}.Release|Any CPU.Build.0 = Release|Any CPU
		{805FE30E-4B3B-42D8-B39F-22C15B87E04C}.Debug|Any CPU.ActiveCfg = Debug|Any CPU
		{805FE30E-4B3B-42D8-B39F-22C15B87E04C}.Debug|Any CPU.Build.0 = Debug|Any CPU
		{805FE30E-4B3B-42D8-B39F-22C15B87E04C}.Release|Any CPU.ActiveCfg = Release|Any CPU
		{805FE30E-4B3B-42D8-B39F-22C15B87E04C}.Release|Any CPU.Build.0 = Release|Any CPU
	EndGlobalSection
	GlobalSection(SolutionProperties) = preSolution
		HideSolutionNode = FALSE
	EndGlobalSection
	GlobalSection(ExtensibilityGlobals) = postSolution
		SolutionGuid = {B5F42E78-88B1-48C7-B876-EDD021AB536A}
	EndGlobalSection
EndGlobal
